<?xml version="1.0" encoding="UTF-8"?>
<!DOCTYPE plist PUBLIC "-//Apple//DTD PLIST 1.0//EN" "http://www.apple.com/DTDs/PropertyList-1.0.dtd">
<plist version="1.0">
<dict>
	<key>archiveVersion</key>
	<string>1</string>
	<key>classes</key>
	<dict/>
	<key>objectVersion</key>
	<string>46</string>
	<key>objects</key>
	<dict>
		<key>111BF7233DE7462CA0560468</key>
		<dict>
			<key>buildActionMask</key>
			<string>2147483647</string>
			<key>files</key>
			<array/>
			<key>inputPaths</key>
			<array/>
			<key>isa</key>
			<string>PBXShellScriptBuildPhase</string>
			<key>name</key>
			<string>Copy Pods Resources</string>
			<key>outputPaths</key>
			<array/>
			<key>runOnlyForDeploymentPostprocessing</key>
			<string>0</string>
			<key>shellPath</key>
			<string>/bin/sh</string>
			<key>shellScript</key>
			<string>"${SRCROOT}/Pods/Pods-resources.sh"
</string>
		</dict>
		<key>62B0AF5CDEB24DDAB811B5EA</key>
		<dict>
			<key>fileRef</key>
			<string>643ED82D40A249B8BC7BDE94</string>
			<key>isa</key>
			<string>PBXBuildFile</string>
		</dict>
		<key>643ED82D40A249B8BC7BDE94</key>
		<dict>
			<key>explicitFileType</key>
			<string>archive.ar</string>
			<key>includeInIndex</key>
			<string>0</string>
			<key>isa</key>
			<string>PBXFileReference</string>
			<key>name</key>
			<string>libPods.a</string>
			<key>path</key>
			<string>libPods.a</string>
			<key>sourceTree</key>
			<string>BUILT_PRODUCTS_DIR</string>
		</dict>
		<key>E4092F7FB86B4F4AB95D0D83</key>
		<dict>
			<key>includeInIndex</key>
			<string>1</string>
			<key>isa</key>
			<string>PBXFileReference</string>
			<key>lastKnownFileType</key>
			<string>text.xcconfig</string>
			<key>name</key>
			<string>Pods.xcconfig</string>
			<key>path</key>
			<string>Pods/Pods.xcconfig</string>
			<key>sourceTree</key>
			<string>SOURCE_ROOT</string>
		</dict>
		<key>E733AE0F164E8ED8005A5190</key>
		<dict>
			<key>children</key>
			<array>
				<string>E733AE24164E8ED8005A5190</string>
				<string>E733AE1D164E8ED8005A5190</string>
				<string>E733AE1B164E8ED8005A5190</string>
				<string>E4092F7FB86B4F4AB95D0D83</string>
			</array>
			<key>isa</key>
			<string>PBXGroup</string>
			<key>sourceTree</key>
			<string>&lt;group&gt;</string>
		</dict>
		<key>E733AE11164E8ED8005A5190</key>
		<dict>
			<key>attributes</key>
			<dict>
				<key>CLASSPREFIX</key>
				<string>DXT</string>
				<key>LastUpgradeCheck</key>
				<string>0450</string>
				<key>ORGANIZATIONNAME</key>
				<string>111 Minutes</string>
			</dict>
			<key>buildConfigurationList</key>
			<string>E733AE14164E8ED8005A5190</string>
			<key>compatibilityVersion</key>
			<string>Xcode 3.2</string>
			<key>developmentRegion</key>
			<string>English</string>
			<key>hasScannedForEncodings</key>
			<string>0</string>
			<key>isa</key>
			<string>PBXProject</string>
			<key>knownRegions</key>
			<array>
				<string>en</string>
			</array>
			<key>mainGroup</key>
			<string>E733AE0F164E8ED8005A5190</string>
			<key>productRefGroup</key>
			<string>E733AE1B164E8ED8005A5190</string>
			<key>projectDirPath</key>
			<string></string>
			<key>projectRoot</key>
			<string></string>
			<key>targets</key>
			<array>
				<string>E733AE19164E8ED8005A5190</string>
			</array>
		</dict>
		<key>E733AE14164E8ED8005A5190</key>
		<dict>
			<key>buildConfigurations</key>
			<array>
				<string>E733AE3C164E8ED9005A5190</string>
				<string>E733AE3D164E8ED9005A5190</string>
			</array>
			<key>defaultConfigurationIsVisible</key>
			<string>0</string>
			<key>defaultConfigurationName</key>
			<string>Release</string>
			<key>isa</key>
			<string>XCConfigurationList</string>
		</dict>
		<key>E733AE16164E8ED8005A5190</key>
		<dict>
			<key>buildActionMask</key>
			<string>2147483647</string>
			<key>files</key>
			<array>
				<string>E733AE2B164E8ED8005A5190</string>
				<string>E733AE2F164E8ED8005A5190</string>
				<string>E733AE38164E8ED9005A5190</string>
			</array>
			<key>isa</key>
			<string>PBXSourcesBuildPhase</string>
			<key>runOnlyForDeploymentPostprocessing</key>
			<string>0</string>
		</dict>
		<key>E733AE17164E8ED8005A5190</key>
		<dict>
			<key>buildActionMask</key>
			<string>2147483647</string>
			<key>files</key>
			<array>
				<string>E733AE1F164E8ED8005A5190</string>
				<string>E733AE21164E8ED8005A5190</string>
				<string>E733AE23164E8ED8005A5190</string>
				<string>62B0AF5CDEB24DDAB811B5EA</string>
			</array>
			<key>isa</key>
			<string>PBXFrameworksBuildPhase</string>
			<key>runOnlyForDeploymentPostprocessing</key>
			<string>0</string>
		</dict>
		<key>E733AE18164E8ED8005A5190</key>
		<dict>
			<key>buildActionMask</key>
			<string>2147483647</string>
			<key>files</key>
			<array>
				<string>E733AE29164E8ED8005A5190</string>
				<string>E733AE31164E8ED8005A5190</string>
				<string>E733AE33164E8ED8005A5190</string>
				<string>E733AE35164E8ED9005A5190</string>
				<string>E733AE3B164E8ED9005A5190</string>
			</array>
			<key>isa</key>
			<string>PBXResourcesBuildPhase</string>
			<key>runOnlyForDeploymentPostprocessing</key>
			<string>0</string>
		</dict>
		<key>E733AE19164E8ED8005A5190</key>
		<dict>
			<key>buildConfigurationList</key>
			<string>E733AE3E164E8ED9005A5190</string>
			<key>buildPhases</key>
			<array>
				<string>E733AE16164E8ED8005A5190</string>
				<string>E733AE17164E8ED8005A5190</string>
				<string>E733AE18164E8ED8005A5190</string>
				<string>111BF7233DE7462CA0560468</string>
			</array>
			<key>buildRules</key>
			<array/>
			<key>dependencies</key>
			<array/>
			<key>isa</key>
			<string>PBXNativeTarget</string>
			<key>name</key>
			<string>DXTwitterDemo</string>
			<key>productName</key>
			<string>DXTwitterDemo</string>
			<key>productReference</key>
			<string>E733AE1A164E8ED8005A5190</string>
			<key>productType</key>
			<string>com.apple.product-type.application</string>
		</dict>
		<key>E733AE1A164E8ED8005A5190</key>
		<dict>
			<key>explicitFileType</key>
			<string>wrapper.application</string>
			<key>includeInIndex</key>
			<string>0</string>
			<key>isa</key>
			<string>PBXFileReference</string>
			<key>name</key>
			<string>DXTwitterDemo.app</string>
			<key>path</key>
			<string>DXTwitterDemo.app</string>
			<key>sourceTree</key>
			<string>BUILT_PRODUCTS_DIR</string>
		</dict>
		<key>E733AE1B164E8ED8005A5190</key>
		<dict>
			<key>children</key>
			<array>
				<string>E733AE1A164E8ED8005A5190</string>
			</array>
			<key>isa</key>
			<string>PBXGroup</string>
			<key>name</key>
			<string>Products</string>
			<key>sourceTree</key>
			<string>&lt;group&gt;</string>
		</dict>
		<key>E733AE1D164E8ED8005A5190</key>
		<dict>
			<key>children</key>
			<array>
				<string>E733AE1E164E8ED8005A5190</string>
				<string>E733AE20164E8ED8005A5190</string>
				<string>E733AE22164E8ED8005A5190</string>
				<string>643ED82D40A249B8BC7BDE94</string>
			</array>
			<key>isa</key>
			<string>PBXGroup</string>
			<key>name</key>
			<string>Frameworks</string>
			<key>sourceTree</key>
			<string>&lt;group&gt;</string>
		</dict>
		<key>E733AE1E164E8ED8005A5190</key>
		<dict>
			<key>includeInIndex</key>
			<string>1</string>
			<key>isa</key>
			<string>PBXFileReference</string>
			<key>lastKnownFileType</key>
			<string>wrapper.framework</string>
			<key>name</key>
			<string>UIKit.framework</string>
			<key>path</key>
			<string>System/Library/Frameworks/UIKit.framework</string>
			<key>sourceTree</key>
			<string>SDKROOT</string>
		</dict>
		<key>E733AE1F164E8ED8005A5190</key>
		<dict>
			<key>fileRef</key>
			<string>E733AE1E164E8ED8005A5190</string>
			<key>isa</key>
			<string>PBXBuildFile</string>
		</dict>
		<key>E733AE20164E8ED8005A5190</key>
		<dict>
			<key>includeInIndex</key>
			<string>1</string>
			<key>isa</key>
			<string>PBXFileReference</string>
			<key>lastKnownFileType</key>
			<string>wrapper.framework</string>
			<key>name</key>
			<string>Foundation.framework</string>
			<key>path</key>
			<string>System/Library/Frameworks/Foundation.framework</string>
			<key>sourceTree</key>
			<string>SDKROOT</string>
		</dict>
		<key>E733AE21164E8ED8005A5190</key>
		<dict>
			<key>fileRef</key>
			<string>E733AE20164E8ED8005A5190</string>
			<key>isa</key>
			<string>PBXBuildFile</string>
		</dict>
		<key>E733AE22164E8ED8005A5190</key>
		<dict>
			<key>includeInIndex</key>
			<string>1</string>
			<key>isa</key>
			<string>PBXFileReference</string>
			<key>lastKnownFileType</key>
			<string>wrapper.framework</string>
			<key>name</key>
			<string>CoreGraphics.framework</string>
			<key>path</key>
			<string>System/Library/Frameworks/CoreGraphics.framework</string>
			<key>sourceTree</key>
			<string>SDKROOT</string>
		</dict>
		<key>E733AE23164E8ED8005A5190</key>
		<dict>
			<key>fileRef</key>
			<string>E733AE22164E8ED8005A5190</string>
			<key>isa</key>
			<string>PBXBuildFile</string>
		</dict>
		<key>E733AE24164E8ED8005A5190</key>
		<dict>
			<key>children</key>
			<array>
				<string>E733AE2D164E8ED8005A5190</string>
				<string>E733AE2E164E8ED8005A5190</string>
				<string>E733AE36164E8ED9005A5190</string>
				<string>E733AE37164E8ED9005A5190</string>
				<string>E733AE39164E8ED9005A5190</string>
				<string>E733AE25164E8ED8005A5190</string>
			</array>
			<key>isa</key>
			<string>PBXGroup</string>
			<key>path</key>
			<string>DXTwitterDemo</string>
			<key>sourceTree</key>
			<string>&lt;group&gt;</string>
		</dict>
		<key>E733AE25164E8ED8005A5190</key>
		<dict>
			<key>children</key>
			<array>
				<string>E733AE26164E8ED8005A5190</string>
				<string>E733AE27164E8ED8005A5190</string>
				<string>E733AE2A164E8ED8005A5190</string>
				<string>E733AE2C164E8ED8005A5190</string>
				<string>E733AE30164E8ED8005A5190</string>
				<string>E733AE32164E8ED8005A5190</string>
				<string>E733AE34164E8ED8005A5190</string>
			</array>
			<key>isa</key>
			<string>PBXGroup</string>
			<key>name</key>
			<string>Supporting Files</string>
			<key>sourceTree</key>
			<string>&lt;group&gt;</string>
		</dict>
		<key>E733AE26164E8ED8005A5190</key>
		<dict>
			<key>isa</key>
			<string>PBXFileReference</string>
			<key>lastKnownFileType</key>
			<string>text.plist.xml</string>
			<key>path</key>
			<string>DXTwitterDemo-Info.plist</string>
			<key>sourceTree</key>
			<string>&lt;group&gt;</string>
		</dict>
		<key>E733AE27164E8ED8005A5190</key>
		<dict>
			<key>children</key>
			<array>
				<string>E733AE28164E8ED8005A5190</string>
			</array>
			<key>isa</key>
			<string>PBXVariantGroup</string>
			<key>name</key>
			<string>InfoPlist.strings</string>
			<key>sourceTree</key>
			<string>&lt;group&gt;</string>
		</dict>
		<key>E733AE28164E8ED8005A5190</key>
		<dict>
			<key>isa</key>
			<string>PBXFileReference</string>
			<key>lastKnownFileType</key>
			<string>text.plist.strings</string>
			<key>name</key>
			<string>en</string>
			<key>path</key>
			<string>en.lproj/InfoPlist.strings</string>
			<key>sourceTree</key>
			<string>&lt;group&gt;</string>
		</dict>
		<key>E733AE29164E8ED8005A5190</key>
		<dict>
			<key>fileRef</key>
			<string>E733AE27164E8ED8005A5190</string>
			<key>isa</key>
			<string>PBXBuildFile</string>
		</dict>
		<key>E733AE2A164E8ED8005A5190</key>
		<dict>
			<key>isa</key>
			<string>PBXFileReference</string>
			<key>lastKnownFileType</key>
			<string>sourcecode.c.objc</string>
			<key>path</key>
			<string>main.m</string>
			<key>sourceTree</key>
			<string>&lt;group&gt;</string>
		</dict>
		<key>E733AE2B164E8ED8005A5190</key>
		<dict>
			<key>fileRef</key>
			<string>E733AE2A164E8ED8005A5190</string>
			<key>isa</key>
			<string>PBXBuildFile</string>
		</dict>
		<key>E733AE2C164E8ED8005A5190</key>
		<dict>
			<key>isa</key>
			<string>PBXFileReference</string>
			<key>lastKnownFileType</key>
			<string>sourcecode.c.h</string>
			<key>path</key>
			<string>DXTwitterDemo-Prefix.pch</string>
			<key>sourceTree</key>
			<string>&lt;group&gt;</string>
		</dict>
		<key>E733AE2D164E8ED8005A5190</key>
		<dict>
			<key>isa</key>
			<string>PBXFileReference</string>
			<key>lastKnownFileType</key>
			<string>sourcecode.c.h</string>
			<key>path</key>
			<string>DXTAppDelegate.h</string>
			<key>sourceTree</key>
			<string>&lt;group&gt;</string>
		</dict>
		<key>E733AE2E164E8ED8005A5190</key>
		<dict>
			<key>isa</key>
			<string>PBXFileReference</string>
			<key>lastKnownFileType</key>
			<string>sourcecode.c.objc</string>
			<key>path</key>
			<string>DXTAppDelegate.m</string>
			<key>sourceTree</key>
			<string>&lt;group&gt;</string>
		</dict>
		<key>E733AE2F164E8ED8005A5190</key>
		<dict>
			<key>fileRef</key>
			<string>E733AE2E164E8ED8005A5190</string>
			<key>isa</key>
			<string>PBXBuildFile</string>
		</dict>
		<key>E733AE30164E8ED8005A5190</key>
		<dict>
			<key>isa</key>
			<string>PBXFileReference</string>
			<key>lastKnownFileType</key>
			<string>image.png</string>
			<key>path</key>
			<string>Default.png</string>
			<key>sourceTree</key>
			<string>&lt;group&gt;</string>
		</dict>
		<key>E733AE31164E8ED8005A5190</key>
		<dict>
			<key>fileRef</key>
			<string>E733AE30164E8ED8005A5190</string>
			<key>isa</key>
			<string>PBXBuildFile</string>
		</dict>
		<key>E733AE32164E8ED8005A5190</key>
		<dict>
			<key>isa</key>
			<string>PBXFileReference</string>
			<key>lastKnownFileType</key>
			<string>image.png</string>
			<key>path</key>
			<string>Default@2x.png</string>
			<key>sourceTree</key>
			<string>&lt;group&gt;</string>
		</dict>
		<key>E733AE33164E8ED8005A5190</key>
		<dict>
			<key>fileRef</key>
			<string>E733AE32164E8ED8005A5190</string>
			<key>isa</key>
			<string>PBXBuildFile</string>
		</dict>
		<key>E733AE34164E8ED8005A5190</key>
		<dict>
			<key>isa</key>
			<string>PBXFileReference</string>
			<key>lastKnownFileType</key>
			<string>image.png</string>
			<key>path</key>
			<string>Default-568h@2x.png</string>
			<key>sourceTree</key>
			<string>&lt;group&gt;</string>
		</dict>
		<key>E733AE35164E8ED9005A5190</key>
		<dict>
			<key>fileRef</key>
			<string>E733AE34164E8ED8005A5190</string>
			<key>isa</key>
			<string>PBXBuildFile</string>
		</dict>
		<key>E733AE36164E8ED9005A5190</key>
		<dict>
			<key>isa</key>
			<string>PBXFileReference</string>
			<key>lastKnownFileType</key>
			<string>sourcecode.c.h</string>
			<key>path</key>
			<string>DXTViewController.h</string>
			<key>sourceTree</key>
			<string>&lt;group&gt;</string>
		</dict>
		<key>E733AE37164E8ED9005A5190</key>
		<dict>
			<key>isa</key>
			<string>PBXFileReference</string>
			<key>lastKnownFileType</key>
			<string>sourcecode.c.objc</string>
			<key>path</key>
			<string>DXTViewController.m</string>
			<key>sourceTree</key>
			<string>&lt;group&gt;</string>
		</dict>
		<key>E733AE38164E8ED9005A5190</key>
		<dict>
			<key>fileRef</key>
			<string>E733AE37164E8ED9005A5190</string>
			<key>isa</key>
			<string>PBXBuildFile</string>
		</dict>
		<key>E733AE39164E8ED9005A5190</key>
		<dict>
			<key>children</key>
			<array>
				<string>E733AE3A164E8ED9005A5190</string>
			</array>
			<key>isa</key>
			<string>PBXVariantGroup</string>
			<key>name</key>
			<string>DXTViewController.xib</string>
			<key>sourceTree</key>
			<string>&lt;group&gt;</string>
		</dict>
		<key>E733AE3A164E8ED9005A5190</key>
		<dict>
			<key>isa</key>
			<string>PBXFileReference</string>
			<key>lastKnownFileType</key>
			<string>file.xib</string>
			<key>name</key>
			<string>en</string>
			<key>path</key>
			<string>en.lproj/DXTViewController.xib</string>
			<key>sourceTree</key>
			<string>&lt;group&gt;</string>
		</dict>
		<key>E733AE3B164E8ED9005A5190</key>
		<dict>
			<key>fileRef</key>
			<string>E733AE39164E8ED9005A5190</string>
			<key>isa</key>
			<string>PBXBuildFile</string>
		</dict>
		<key>E733AE3C164E8ED9005A5190</key>
		<dict>
			<key>buildSettings</key>
			<dict>
				<key>ALWAYS_SEARCH_USER_PATHS</key>
				<string>NO</string>
				<key>CLANG_CXX_LANGUAGE_STANDARD</key>
				<string>gnu++0x</string>
				<key>CLANG_CXX_LIBRARY</key>
				<string>libc++</string>
				<key>CLANG_ENABLE_OBJC_ARC</key>
				<string>YES</string>
				<key>CLANG_WARN_EMPTY_BODY</key>
				<string>YES</string>
				<key>CLANG_WARN__DUPLICATE_METHOD_MATCH</key>
				<string>YES</string>
				<key>CODE_SIGN_IDENTITY[sdk=iphoneos*]</key>
				<string>iPhone Developer</string>
				<key>COPY_PHASE_STRIP</key>
				<string>NO</string>
				<key>GCC_C_LANGUAGE_STANDARD</key>
				<string>gnu99</string>
				<key>GCC_DYNAMIC_NO_PIC</key>
				<string>NO</string>
				<key>GCC_OPTIMIZATION_LEVEL</key>
				<string>0</string>
				<key>GCC_PREPROCESSOR_DEFINITIONS</key>
				<array>
					<string>DEBUG=1</string>
					<string>$(inherited)</string>
				</array>
				<key>GCC_SYMBOLS_PRIVATE_EXTERN</key>
				<string>NO</string>
				<key>GCC_WARN_ABOUT_RETURN_TYPE</key>
				<string>YES</string>
				<key>GCC_WARN_UNINITIALIZED_AUTOS</key>
				<string>YES</string>
				<key>GCC_WARN_UNUSED_VARIABLE</key>
				<string>YES</string>
				<key>IPHONEOS_DEPLOYMENT_TARGET</key>
				<string>6.0</string>
				<key>ONLY_ACTIVE_ARCH</key>
				<string>YES</string>
				<key>SDKROOT</key>
				<string>iphoneos</string>
			</dict>
			<key>isa</key>
			<string>XCBuildConfiguration</string>
			<key>name</key>
			<string>Debug</string>
		</dict>
		<key>E733AE3D164E8ED9005A5190</key>
		<dict>
			<key>buildSettings</key>
			<dict>
				<key>ALWAYS_SEARCH_USER_PATHS</key>
				<string>NO</string>
				<key>CLANG_CXX_LANGUAGE_STANDARD</key>
				<string>gnu++0x</string>
				<key>CLANG_CXX_LIBRARY</key>
				<string>libc++</string>
				<key>CLANG_ENABLE_OBJC_ARC</key>
				<string>YES</string>
				<key>CLANG_WARN_EMPTY_BODY</key>
				<string>YES</string>
				<key>CLANG_WARN__DUPLICATE_METHOD_MATCH</key>
				<string>YES</string>
				<key>CODE_SIGN_IDENTITY[sdk=iphoneos*]</key>
				<string>iPhone Developer</string>
				<key>COPY_PHASE_STRIP</key>
				<string>YES</string>
				<key>GCC_C_LANGUAGE_STANDARD</key>
				<string>gnu99</string>
				<key>GCC_WARN_ABOUT_RETURN_TYPE</key>
				<string>YES</string>
				<key>GCC_WARN_UNINITIALIZED_AUTOS</key>
				<string>YES</string>
				<key>GCC_WARN_UNUSED_VARIABLE</key>
				<string>YES</string>
				<key>IPHONEOS_DEPLOYMENT_TARGET</key>
				<string>6.0</string>
				<key>OTHER_CFLAGS</key>
				<string>-DNS_BLOCK_ASSERTIONS=1</string>
				<key>SDKROOT</key>
				<string>iphoneos</string>
				<key>VALIDATE_PRODUCT</key>
				<string>YES</string>
			</dict>
			<key>isa</key>
			<string>XCBuildConfiguration</string>
			<key>name</key>
			<string>Release</string>
		</dict>
		<key>E733AE3E164E8ED9005A5190</key>
		<dict>
			<key>buildConfigurations</key>
			<array>
				<string>E733AE3F164E8ED9005A5190</string>
				<string>E733AE40164E8ED9005A5190</string>
			</array>
			<key>defaultConfigurationIsVisible</key>
			<string>0</string>
			<key>isa</key>
			<string>XCConfigurationList</string>
		</dict>
		<key>E733AE3F164E8ED9005A5190</key>
		<dict>
			<key>baseConfigurationReference</key>
			<string>E4092F7FB86B4F4AB95D0D83</string>
			<key>buildSettings</key>
			<dict>
				<key>GCC_PRECOMPILE_PREFIX_HEADER</key>
				<string>YES</string>
				<key>GCC_PREFIX_HEADER</key>
				<string>DXTwitterDemo/DXTwitterDemo-Prefix.pch</string>
				<key>INFOPLIST_FILE</key>
				<string>DXTwitterDemo/DXTwitterDemo-Info.plist</string>
				<key>PRODUCT_NAME</key>
				<string>$(TARGET_NAME)</string>
				<key>WRAPPER_EXTENSION</key>
				<string>app</string>
			</dict>
			<key>isa</key>
			<string>XCBuildConfiguration</string>
			<key>name</key>
			<string>Debug</string>
		</dict>
		<key>E733AE40164E8ED9005A5190</key>
		<dict>
			<key>baseConfigurationReference</key>
			<string>E4092F7FB86B4F4AB95D0D83</string>
			<key>buildSettings</key>
			<dict>
				<key>GCC_PRECOMPILE_PREFIX_HEADER</key>
				<string>YES</string>
				<key>GCC_PREFIX_HEADER</key>
				<string>DXTwitterDemo/DXTwitterDemo-Prefix.pch</string>
				<key>INFOPLIST_FILE</key>
				<string>DXTwitterDemo/DXTwitterDemo-Info.plist</string>
				<key>PRODUCT_NAME</key>
				<string>$(TARGET_NAME)</string>
				<key>WRAPPER_EXTENSION</key>
				<string>app</string>
			</dict>
			<key>isa</key>
			<string>XCBuildConfiguration</string>
			<key>name</key>
			<string>Release</string>
		</dict>
	</dict>
	<key>rootObject</key>
	<string>E733AE11164E8ED8005A5190</string>
</dict>
</plist>
